PODS:
  - FlutterMacOS (1.0.0)
  - hardware_crypto (0.0.1):
    - Flutter
    - FlutterMacOS

DEPENDENCIES:
  - FlutterMacOS (from `Flutter/ephemeral`)
  - hardware_crypto (from `Flutter/ephemeral/.symlinks/plugins/hardware_crypto/darwin`)

EXTERNAL SOURCES:
  FlutterMacOS:
    :path: Flutter/ephemeral
  hardware_crypto:
    :path: Flutter/ephemeral/.symlinks/plugins/hardware_crypto/darwin

SPEC CHECKSUMS:
  FlutterMacOS: 8f6f14fa908a6fb3fba0cd85dbd81ec4b251fb24
  hardware_crypto: 10865e8e47b53899bb7c2386ca2451b7ad85c6cc

PODFILE CHECKSUM: 9ebaf0ce3d369aaa26a9ea0e159195ed94724cf3

COCOAPODS: 1.15.0
